// !$*UTF8*$!
{
	archiveVersion = 1;
	classes = {
	};
	objectVersion = 50;
	objects = {

/* Begin PBXBuildFile section */
		DA68CCBD23633AA3004D114B /* AppDelegate.swift in Sources */ = {isa = PBXBuildFile; fileRef = DA68CCBC23633AA3004D114B /* AppDelegate.swift */; };
		DA68CCBF23633AA3004D114B /* SceneDelegate.swift in Sources */ = {isa = PBXBuildFile; fileRef = DA68CCBE23633AA3004D114B /* SceneDelegate.swift */; };
		DA68CCC123633AA3004D114B /* ContentView.swift in Sources */ = {isa = PBXBuildFile; fileRef = DA68CCC023633AA3004D114B /* ContentView.swift */; };
		DA68CCC323633AA6004D114B /* Assets.xcassets in Resources */ = {isa = PBXBuildFile; fileRef = DA68CCC223633AA6004D114B /* Assets.xcassets */; };
		DA68CCC623633AA6004D114B /* Preview Assets.xcassets in Resources */ = {isa = PBXBuildFile; fileRef = DA68CCC523633AA6004D114B /* Preview Assets.xcassets */; };
		DA68CCC923633AA6004D114B /* LaunchScreen.storyboard in Resources */ = {isa = PBXBuildFile; fileRef = DA68CCC723633AA6004D114B /* LaunchScreen.storyboard */; };
		DA68CCD423633AA6004D114B /* AceAITests.swift in Sources */ = {isa = PBXBuildFile; fileRef = DA68CCD323633AA6004D114B /* AceAITests.swift */; };
		DA68CCDF23633AA6004D114B /* AceAIUITests.swift in Sources */ = {isa = PBXBuildFile; fileRef = DA68CCDE23633AA6004D114B /* AceAIUITests.swift */; };
		DA68CCF323643E73004D114B /* ImagePicker.swift in Sources */ = {isa = PBXBuildFile; fileRef = DA68CCF223643E73004D114B /* ImagePicker.swift */; };
		DA68CCF52364E06F004D114B /* PhotoCaptureView.swift in Sources */ = {isa = PBXBuildFile; fileRef = DA68CCF42364E06F004D114B /* PhotoCaptureView.swift */; };
/* End PBXBuildFile section */

/* Begin PBXContainerItemProxy section */
		DA68CCD023633AA6004D114B /* PBXContainerItemProxy */ = {
			isa = PBXContainerItemProxy;
			containerPortal = DA68CCB123633AA3004D114B /* Project object */;
			proxyType = 1;
			remoteGlobalIDString = DA68CCB823633AA3004D114B;
			remoteInfo = AceAI;
		};
		DA68CCDB23633AA6004D114B /* PBXContainerItemProxy */ = {
			isa = PBXContainerItemProxy;
			containerPortal = DA68CCB123633AA3004D114B /* Project object */;
			proxyType = 1;
			remoteGlobalIDString = DA68CCB823633AA3004D114B;
			remoteInfo = AceAI;
		};
/* End PBXContainerItemProxy section */

/* Begin PBXFileReference section */
		DA68CCB923633AA3004D114B /* AceAI.app */ = {isa = PBXFileReference; explicitFileType = wrapper.application; includeInIndex = 0; path = AceAI.app; sourceTree = BUILT_PRODUCTS_DIR; };
		DA68CCBC23633AA3004D114B /* AppDelegate.swift */ = {isa = PBXFileReference; lastKnownFileType = sourcecode.swift; path = AppDelegate.swift; sourceTree = "<group>"; };
		DA68CCBE23633AA3004D114B /* SceneDelegate.swift */ = {isa = PBXFileReference; lastKnownFileType = sourcecode.swift; path = SceneDelegate.swift; sourceTree = "<group>"; };
		DA68CCC023633AA3004D114B /* ContentView.swift */ = {isa = PBXFileReference; lastKnownFileType = sourcecode.swift; path = ContentView.swift; sourceTree = "<group>"; };
		DA68CCC223633AA6004D114B /* Assets.xcassets */ = {isa = PBXFileReference; lastKnownFileType = folder.assetcatalog; path = Assets.xcassets; sourceTree = "<group>"; };
		DA68CCC523633AA6004D114B /* Preview Assets.xcassets */ = {isa = PBXFileReference; lastKnownFileType = folder.assetcatalog; path = "Preview Assets.xcassets"; sourceTree = "<group>"; };
		DA68CCC823633AA6004D114B /* Base */ = {isa = PBXFileReference; lastKnownFileType = file.storyboard; name = Base; path = Base.lproj/LaunchScreen.storyboard; sourceTree = "<group>"; };
		DA68CCCA23633AA6004D114B /* Info.plist */ = {isa = PBXFileReference; lastKnownFileType = text.plist.xml; path = Info.plist; sourceTree = "<group>"; };
		DA68CCCF23633AA6004D114B /* AceAITests.xctest */ = {isa = PBXFileReference; explicitFileType = wrapper.cfbundle; includeInIndex = 0; path = AceAITests.xctest; sourceTree = BUILT_PRODUCTS_DIR; };
		DA68CCD323633AA6004D114B /* AceAITests.swift */ = {isa = PBXFileReference; lastKnownFileType = sourcecode.swift; path = AceAITests.swift; sourceTree = "<group>"; };
		DA68CCD523633AA6004D114B /* Info.plist */ = {isa = PBXFileReference; lastKnownFileType = text.plist.xml; path = Info.plist; sourceTree = "<group>"; };
		DA68CCDA23633AA6004D114B /* AceAIUITests.xctest */ = {isa = PBXFileReference; explicitFileType = wrapper.cfbundle; includeInIndex = 0; path = AceAIUITests.xctest; sourceTree = BUILT_PRODUCTS_DIR; };
		DA68CCDE23633AA6004D114B /* AceAIUITests.swift */ = {isa = PBXFileReference; lastKnownFileType = sourcecode.swift; path = AceAIUITests.swift; sourceTree = "<group>"; };
		DA68CCE023633AA6004D114B /* Info.plist */ = {isa = PBXFileReference; lastKnownFileType = text.plist.xml; path = Info.plist; sourceTree = "<group>"; };
		DA68CCF223643E73004D114B /* ImagePicker.swift */ = {isa = PBXFileReference; lastKnownFileType = sourcecode.swift; path = ImagePicker.swift; sourceTree = "<group>"; };
		DA68CCF42364E06F004D114B /* PhotoCaptureView.swift */ = {isa = PBXFileReference; lastKnownFileType = sourcecode.swift; path = PhotoCaptureView.swift; sourceTree = "<group>"; };
/* End PBXFileReference section */

/* Begin PBXFrameworksBuildPhase section */
		DA68CCB623633AA3004D114B /* Frameworks */ = {
			isa = PBXFrameworksBuildPhase;
			buildActionMask = 2147483647;
			files = (
			);
			runOnlyForDeploymentPostprocessing = 0;
		};
		DA68CCCC23633AA6004D114B /* Frameworks */ = {
			isa = PBXFrameworksBuildPhase;
			buildActionMask = 2147483647;
			files = (
			);
			runOnlyForDeploymentPostprocessing = 0;
		};
		DA68CCD723633AA6004D114B /* Frameworks */ = {
			isa = PBXFrameworksBuildPhase;
			buildActionMask = 2147483647;
			files = (
			);
			runOnlyForDeploymentPostprocessing = 0;
		};
/* End PBXFrameworksBuildPhase section */

/* Begin PBXGroup section */
		DA68CCB023633AA3004D114B = {
			isa = PBXGroup;
			children = (
				DA68CCBB23633AA3004D114B /* AceAI */,
				DA68CCD223633AA6004D114B /* AceAITests */,
				DA68CCDD23633AA6004D114B /* AceAIUITests */,
				DA68CCBA23633AA3004D114B /* Products */,
			);
			sourceTree = "<group>";
		};
		DA68CCBA23633AA3004D114B /* Products */ = {
			isa = PBXGroup;
			children = (
				DA68CCB923633AA3004D114B /* AceAI.app */,
				DA68CCCF23633AA6004D114B /* AceAITests.xctest */,
				DA68CCDA23633AA6004D114B /* AceAIUITests.xctest */,
			);
			name = Products;
			sourceTree = "<group>";
		};
		DA68CCBB23633AA3004D114B /* AceAI */ = {
			isa = PBXGroup;
			children = (
				DA68CCBC23633AA3004D114B /* AppDelegate.swift */,
				DA68CCBE23633AA3004D114B /* SceneDelegate.swift */,
				DA68CCC023633AA3004D114B /* ContentView.swift */,
				DA68CCF42364E06F004D114B /* PhotoCaptureView.swift */,
				DA68CCF223643E73004D114B /* ImagePicker.swift */,
				DA68CCC223633AA6004D114B /* Assets.xcassets */,
				DA68CCC723633AA6004D114B /* LaunchScreen.storyboard */,
				DA68CCCA23633AA6004D114B /* Info.plist */,
				DA68CCC423633AA6004D114B /* Preview Content */,
			);
			path = AceAI;
			sourceTree = "<group>";
		};
		DA68CCC423633AA6004D114B /* Preview Content */ = {
			isa = PBXGroup;
			children = (
				DA68CCC523633AA6004D114B /* Preview Assets.xcassets */,
			);
			path = "Preview Content";
			sourceTree = "<group>";
		};
		DA68CCD223633AA6004D114B /* AceAITests */ = {
			isa = PBXGroup;
			children = (
				DA68CCD323633AA6004D114B /* AceAITests.swift */,
				DA68CCD523633AA6004D114B /* Info.plist */,
			);
			path = AceAITests;
			sourceTree = "<group>";
		};
		DA68CCDD23633AA6004D114B /* AceAIUITests */ = {
			isa = PBXGroup;
			children = (
				DA68CCDE23633AA6004D114B /* AceAIUITests.swift */,
				DA68CCE023633AA6004D114B /* Info.plist */,
			);
			path = AceAIUITests;
			sourceTree = "<group>";
		};
/* End PBXGroup section */

/* Begin PBXNativeTarget section */
		DA68CCB823633AA3004D114B /* AceAI */ = {
			isa = PBXNativeTarget;
			buildConfigurationList = DA68CCE323633AA6004D114B /* Build configuration list for PBXNativeTarget "AceAI" */;
			buildPhases = (
				DA68CCB523633AA3004D114B /* Sources */,
				DA68CCB623633AA3004D114B /* Frameworks */,
				DA68CCB723633AA3004D114B /* Resources */,
			);
			buildRules = (
			);
			dependencies = (
			);
			name = AceAI;
			productName = AceAI;
			productReference = DA68CCB923633AA3004D114B /* AceAI.app */;
			productType = "com.apple.product-type.application";
		};
		DA68CCCE23633AA6004D114B /* AceAITests */ = {
			isa = PBXNativeTarget;
			buildConfigurationList = DA68CCE623633AA6004D114B /* Build configuration list for PBXNativeTarget "AceAITests" */;
			buildPhases = (
				DA68CCCB23633AA6004D114B /* Sources */,
				DA68CCCC23633AA6004D114B /* Frameworks */,
				DA68CCCD23633AA6004D114B /* Resources */,
			);
			buildRules = (
			);
			dependencies = (
				DA68CCD123633AA6004D114B /* PBXTargetDependency */,
			);
			name = AceAITests;
			productName = AceAITests;
			productReference = DA68CCCF23633AA6004D114B /* AceAITests.xctest */;
			productType = "com.apple.product-type.bundle.unit-test";
		};
		DA68CCD923633AA6004D114B /* AceAIUITests */ = {
			isa = PBXNativeTarget;
			buildConfigurationList = DA68CCE923633AA6004D114B /* Build configuration list for PBXNativeTarget "AceAIUITests" */;
			buildPhases = (
				DA68CCD623633AA6004D114B /* Sources */,
				DA68CCD723633AA6004D114B /* Frameworks */,
				DA68CCD823633AA6004D114B /* Resources */,
			);
			buildRules = (
			);
			dependencies = (
				DA68CCDC23633AA6004D114B /* PBXTargetDependency */,
			);
			name = AceAIUITests;
			productName = AceAIUITests;
			productReference = DA68CCDA23633AA6004D114B /* AceAIUITests.xctest */;
			productType = "com.apple.product-type.bundle.ui-testing";
		};
/* End PBXNativeTarget section */

/* Begin PBXProject section */
		DA68CCB123633AA3004D114B /* Project object */ = {
			isa = PBXProject;
			attributes = {
				LastSwiftUpdateCheck = 1110;
				LastUpgradeCheck = 1110;
				ORGANIZATIONNAME = GoingForGold;
				TargetAttributes = {
					DA68CCB823633AA3004D114B = {
						CreatedOnToolsVersion = 11.1;
					};
					DA68CCCE23633AA6004D114B = {
						CreatedOnToolsVersion = 11.1;
						TestTargetID = DA68CCB823633AA3004D114B;
					};
					DA68CCD923633AA6004D114B = {
						CreatedOnToolsVersion = 11.1;
						TestTargetID = DA68CCB823633AA3004D114B;
					};
				};
			};
			buildConfigurationList = DA68CCB423633AA3004D114B /* Build configuration list for PBXProject "AceAI" */;
			compatibilityVersion = "Xcode 9.3";
			developmentRegion = en;
			hasScannedForEncodings = 0;
			knownRegions = (
				en,
				Base,
			);
			mainGroup = DA68CCB023633AA3004D114B;
			productRefGroup = DA68CCBA23633AA3004D114B /* Products */;
			projectDirPath = "";
			projectRoot = "";
			targets = (
				DA68CCB823633AA3004D114B /* AceAI */,
				DA68CCCE23633AA6004D114B /* AceAITests */,
				DA68CCD923633AA6004D114B /* AceAIUITests */,
			);
		};
/* End PBXProject section */

/* Begin PBXResourcesBuildPhase section */
		DA68CCB723633AA3004D114B /* Resources */ = {
			isa = PBXResourcesBuildPhase;
			buildActionMask = 2147483647;
			files = (
				DA68CCC923633AA6004D114B /* LaunchScreen.storyboard in Resources */,
				DA68CCC623633AA6004D114B /* Preview Assets.xcassets in Resources */,
				DA68CCC323633AA6004D114B /* Assets.xcassets in Resources */,
			);
			runOnlyForDeploymentPostprocessing = 0;
		};
		DA68CCCD23633AA6004D114B /* Resources */ = {
			isa = PBXResourcesBuildPhase;
			buildActionMask = 2147483647;
			files = (
			);
			runOnlyForDeploymentPostprocessing = 0;
		};
		DA68CCD823633AA6004D114B /* Resources */ = {
			isa = PBXResourcesBuildPhase;
			buildActionMask = 2147483647;
			files = (
			);
			runOnlyForDeploymentPostprocessing = 0;
		};
/* End PBXResourcesBuildPhase section */

/* Begin PBXSourcesBuildPhase section */
		DA68CCB523633AA3004D114B /* Sources */ = {
			isa = PBXSourcesBuildPhase;
			buildActionMask = 2147483647;
			files = (
				DA68CCBD23633AA3004D114B /* AppDelegate.swift in Sources */,
				DA68CCF323643E73004D114B /* ImagePicker.swift in Sources */,
				DA68CCBF23633AA3004D114B /* SceneDelegate.swift in Sources */,
				DA68CCC123633AA3004D114B /* ContentView.swift in Sources */,
				DA68CCF52364E06F004D114B /* PhotoCaptureView.swift in Sources */,
			);
			runOnlyForDeploymentPostprocessing = 0;
		};
		DA68CCCB23633AA6004D114B /* Sources */ = {
			isa = PBXSourcesBuildPhase;
			buildActionMask = 2147483647;
			files = (
				DA68CCD423633AA6004D114B /* AceAITests.swift in Sources */,
			);
			runOnlyForDeploymentPostprocessing = 0;
		};
		DA68CCD623633AA6004D114B /* Sources */ = {
			isa = PBXSourcesBuildPhase;
			buildActionMask = 2147483647;
			files = (
				DA68CCDF23633AA6004D114B /* AceAIUITests.swift in Sources */,
			);
			runOnlyForDeploymentPostprocessing = 0;
		};
/* End PBXSourcesBuildPhase section */

/* Begin PBXTargetDependency section */
		DA68CCD123633AA6004D114B /* PBXTargetDependency */ = {
			isa = PBXTargetDependency;
			target = DA68CCB823633AA3004D114B /* AceAI */;
			targetProxy = DA68CCD023633AA6004D114B /* PBXContainerItemProxy */;
		};
		DA68CCDC23633AA6004D114B /* PBXTargetDependency */ = {
			isa = PBXTargetDependency;
			target = DA68CCB823633AA3004D114B /* AceAI */;
			targetProxy = DA68CCDB23633AA6004D114B /* PBXContainerItemProxy */;
		};
/* End PBXTargetDependency section */

/* Begin PBXVariantGroup section */
		DA68CCC723633AA6004D114B /* LaunchScreen.storyboard */ = {
			isa = PBXVariantGroup;
			children = (
				DA68CCC823633AA6004D114B /* Base */,
			);
			name = LaunchScreen.storyboard;
			sourceTree = "<group>";
		};
/* End PBXVariantGroup section */

/* Begin XCBuildConfiguration section */
		DA68CCE123633AA6004D114B /* Debug */ = {
			isa = XCBuildConfiguration;
			buildSettings = {
				ALWAYS_SEARCH_USER_PATHS = NO;
				CLANG_ANALYZER_NONNULL = YES;
				CLANG_ANALYZER_NUMBER_OBJECT_CONVERSION = YES_AGGRESSIVE;
				CLANG_CXX_LANGUAGE_STANDARD = "gnu++14";
				CLANG_CXX_LIBRARY = "libc++";
				CLANG_ENABLE_MODULES = YES;
				CLANG_ENABLE_OBJC_ARC = YES;
				CLANG_ENABLE_OBJC_WEAK = YES;
				CLANG_WARN_BLOCK_CAPTURE_AUTORELEASING = YES;
				CLANG_WARN_BOOL_CONVERSION = YES;
				CLANG_WARN_COMMA = YES;
				CLANG_WARN_CONSTANT_CONVERSION = YES;
				CLANG_WARN_DEPRECATED_OBJC_IMPLEMENTATIONS = YES;
				CLANG_WARN_DIRECT_OBJC_ISA_USAGE = YES_ERROR;
				CLANG_WARN_DOCUMENTATION_COMMENTS = YES;
				CLANG_WARN_EMPTY_BODY = YES;
				CLANG_WARN_ENUM_CONVERSION = YES;
				CLANG_WARN_INFINITE_RECURSION = YES;
				CLANG_WARN_INT_CONVERSION = YES;
				CLANG_WARN_NON_LITERAL_NULL_CONVERSION = YES;
				CLANG_WARN_OBJC_IMPLICIT_RETAIN_SELF = YES;
				CLANG_WARN_OBJC_LITERAL_CONVERSION = YES;
				CLANG_WARN_OBJC_ROOT_CLASS = YES_ERROR;
				CLANG_WARN_RANGE_LOOP_ANALYSIS = YES;
				CLANG_WARN_STRICT_PROTOTYPES = YES;
				CLANG_WARN_SUSPICIOUS_MOVE = YES;
				CLANG_WARN_UNGUARDED_AVAILABILITY = YES_AGGRESSIVE;
				CLANG_WARN_UNREACHABLE_CODE = YES;
				CLANG_WARN__DUPLICATE_METHOD_MATCH = YES;
				COPY_PHASE_STRIP = NO;
				DEBUG_INFORMATION_FORMAT = dwarf;
				ENABLE_STRICT_OBJC_MSGSEND = YES;
				ENABLE_TESTABILITY = YES;
				GCC_C_LANGUAGE_STANDARD = gnu11;
				GCC_DYNAMIC_NO_PIC = NO;
				GCC_NO_COMMON_BLOCKS = YES;
				GCC_OPTIMIZATION_LEVEL = 0;
				GCC_PREPROCESSOR_DEFINITIONS = (
					"DEBUG=1",
					"$(inherited)",
				);
				GCC_WARN_64_TO_32_BIT_CONVERSION = YES;
				GCC_WARN_ABOUT_RETURN_TYPE = YES_ERROR;
				GCC_WARN_UNDECLARED_SELECTOR = YES;
				GCC_WARN_UNINITIALIZED_AUTOS = YES_AGGRESSIVE;
				GCC_WARN_UNUSED_FUNCTION = YES;
				GCC_WARN_UNUSED_VARIABLE = YES;
				IPHONEOS_DEPLOYMENT_TARGET = 13.1;
				MTL_ENABLE_DEBUG_INFO = INCLUDE_SOURCE;
				MTL_FAST_MATH = YES;
				ONLY_ACTIVE_ARCH = YES;
				SDKROOT = iphoneos;
				SWIFT_ACTIVE_COMPILATION_CONDITIONS = DEBUG;
				SWIFT_OPTIMIZATION_LEVEL = "-Onone";
			};
			name = Debug;
		};
		DA68CCE223633AA6004D114B /* Release */ = {
			isa = XCBuildConfiguration;
			buildSettings = {
				ALWAYS_SEARCH_USER_PATHS = NO;
				CLANG_ANALYZER_NONNULL = YES;
				CLANG_ANALYZER_NUMBER_OBJECT_CONVERSION = YES_AGGRESSIVE;
				CLANG_CXX_LANGUAGE_STANDARD = "gnu++14";
				CLANG_CXX_LIBRARY = "libc++";
				CLANG_ENABLE_MODULES = YES;
				CLANG_ENABLE_OBJC_ARC = YES;
				CLANG_ENABLE_OBJC_WEAK = YES;
				CLANG_WARN_BLOCK_CAPTURE_AUTORELEASING = YES;
				CLANG_WARN_BOOL_CONVERSION = YES;
				CLANG_WARN_COMMA = YES;
				CLANG_WARN_CONSTANT_CONVERSION = YES;
				CLANG_WARN_DEPRECATED_OBJC_IMPLEMENTATIONS = YES;
				CLANG_WARN_DIRECT_OBJC_ISA_USAGE = YES_ERROR;
				CLANG_WARN_DOCUMENTATION_COMMENTS = YES;
				CLANG_WARN_EMPTY_BODY = YES;
				CLANG_WARN_ENUM_CONVERSION = YES;
				CLANG_WARN_INFINITE_RECURSION = YES;
				CLANG_WARN_INT_CONVERSION = YES;
				CLANG_WARN_NON_LITERAL_NULL_CONVERSION = YES;
				CLANG_WARN_OBJC_IMPLICIT_RETAIN_SELF = YES;
				CLANG_WARN_OBJC_LITERAL_CONVERSION = YES;
				CLANG_WARN_OBJC_ROOT_CLASS = YES_ERROR;
				CLANG_WARN_RANGE_LOOP_ANALYSIS = YES;
				CLANG_WARN_STRICT_PROTOTYPES = YES;
				CLANG_WARN_SUSPICIOUS_MOVE = YES;
				CLANG_WARN_UNGUARDED_AVAILABILITY = YES_AGGRESSIVE;
				CLANG_WARN_UNREACHABLE_CODE = YES;
				CLANG_WARN__DUPLICATE_METHOD_MATCH = YES;
				COPY_PHASE_STRIP = NO;
				DEBUG_INFORMATION_FORMAT = "dwarf-with-dsym";
				ENABLE_NS_ASSERTIONS = NO;
				ENABLE_STRICT_OBJC_MSGSEND = YES;
				GCC_C_LANGUAGE_STANDARD = gnu11;
				GCC_NO_COMMON_BLOCKS = YES;
				GCC_WARN_64_TO_32_BIT_CONVERSION = YES;
				GCC_WARN_ABOUT_RETURN_TYPE = YES_ERROR;
				GCC_WARN_UNDECLARED_SELECTOR = YES;
				GCC_WARN_UNINITIALIZED_AUTOS = YES_AGGRESSIVE;
				GCC_WARN_UNUSED_FUNCTION = YES;
				GCC_WARN_UNUSED_VARIABLE = YES;
				IPHONEOS_DEPLOYMENT_TARGET = 13.1;
				MTL_ENABLE_DEBUG_INFO = NO;
				MTL_FAST_MATH = YES;
				SDKROOT = iphoneos;
				SWIFT_COMPILATION_MODE = wholemodule;
				SWIFT_OPTIMIZATION_LEVEL = "-O";
				VALIDATE_PRODUCT = YES;
			};
			name = Release;
		};
		DA68CCE423633AA6004D114B /* Debug */ = {
			isa = XCBuildConfiguration;
			buildSettings = {
				ASSETCATALOG_COMPILER_APPICON_NAME = AppIcon;
				CODE_SIGN_STYLE = Automatic;
				DEVELOPMENT_ASSET_PATHS = "\"AceAI/Preview Content\"";
				ENABLE_PREVIEWS = YES;
				INFOPLIST_FILE = AceAI/Info.plist;
				LD_RUNPATH_SEARCH_PATHS = (
					"$(inherited)",
					"@executable_path/Frameworks",
				);
				PRODUCT_BUNDLE_IDENTIFIER = GFG.AceAI;
				PRODUCT_NAME = "$(TARGET_NAME)";
				SWIFT_VERSION = 5.0;
				TARGETED_DEVICE_FAMILY = "1,2";
			};
			name = Debug;
		};
		DA68CCE523633AA6004D114B /* Release */ = {
			isa = XCBuildConfiguration;
			buildSettings = {
				ASSETCATALOG_COMPILER_APPICON_NAME = AppIcon;
				CODE_SIGN_STYLE = Automatic;
				DEVELOPMENT_ASSET_PATHS = "\"AceAI/Preview Content\"";
				ENABLE_PREVIEWS = YES;
				INFOPLIST_FILE = AceAI/Info.plist;
				LD_RUNPATH_SEARCH_PATHS = (
					"$(inherited)",
					"@executable_path/Frameworks",
				);
				PRODUCT_BUNDLE_IDENTIFIER = GFG.AceAI;
				PRODUCT_NAME = "$(TARGET_NAME)";
				SWIFT_VERSION = 5.0;
				TARGETED_DEVICE_FAMILY = "1,2";
			};
			name = Release;
		};
		DA68CCE723633AA6004D114B /* Debug */ = {
			isa = XCBuildConfiguration;
			buildSettings = {
				ALWAYS_EMBED_SWIFT_STANDARD_LIBRARIES = YES;
				BUNDLE_LOADER = "$(TEST_HOST)";
				CODE_SIGN_STYLE = Automatic;
				INFOPLIST_FILE = AceAITests/Info.plist;
				IPHONEOS_DEPLOYMENT_TARGET = 13.1;
				LD_RUNPATH_SEARCH_PATHS = (
					"$(inherited)",
					"@executable_path/Frameworks",
					"@loader_path/Frameworks",
				);
				PRODUCT_BUNDLE_IDENTIFIER = GFG.AceAITests;
				PRODUCT_NAME = "$(TARGET_NAME)";
				SWIFT_VERSION = 5.0;
				TARGETED_DEVICE_FAMILY = "1,2";
				TEST_HOST = "$(BUILT_PRODUCTS_DIR)/AceAI.app/AceAI";
			};
			name = Debug;
		};
		DA68CCE823633AA6004D114B /* Release */ = {
			isa = XCBuildConfiguration;
			buildSettings = {
				ALWAYS_EMBED_SWIFT_STANDARD_LIBRARIES = YES;
				BUNDLE_LOADER = "$(TEST_HOST)";
				CODE_SIGN_STYLE = Automatic;
				INFOPLIST_FILE = AceAITests/Info.plist;
				IPHONEOS_DEPLOYMENT_TARGET = 13.1;
				LD_RUNPATH_SEARCH_PATHS = (
					"$(inherited)",
					"@executable_path/Frameworks",
					"@loader_path/Frameworks",
				);
				PRODUCT_BUNDLE_IDENTIFIER = GFG.AceAITests;
				PRODUCT_NAME = "$(TARGET_NAME)";
				SWIFT_VERSION = 5.0;
				TARGETED_DEVICE_FAMILY = "1,2";
				TEST_HOST = "$(BUILT_PRODUCTS_DIR)/AceAI.app/AceAI";
			};
			name = Release;
		};
		DA68CCEA23633AA6004D114B /* Debug */ = {
			isa = XCBuildConfiguration;
			buildSettings = {
				ALWAYS_EMBED_SWIFT_STANDARD_LIBRARIES = YES;
				CODE_SIGN_STYLE = Automatic;
				INFOPLIST_FILE = AceAIUITests/Info.plist;
				LD_RUNPATH_SEARCH_PATHS = (
					"$(inherited)",
					"@executable_path/Frameworks",
					"@loader_path/Frameworks",
				);
				PRODUCT_BUNDLE_IDENTIFIER = GFG.AceAIUITests;
				PRODUCT_NAME = "$(TARGET_NAME)";
				SWIFT_VERSION = 5.0;
				TARGETED_DEVICE_FAMILY = "1,2";
				TEST_TARGET_NAME = AceAI;
			};
			name = Debug;
		};
		DA68CCEB23633AA6004D114B /* Release */ = {
			isa = XCBuildConfiguration;
			buildSettings = {
				ALWAYS_EMBED_SWIFT_STANDARD_LIBRARIES = YES;
				CODE_SIGN_STYLE = Automatic;
				INFOPLIST_FILE = AceAIUITests/Info.plist;
				LD_RUNPATH_SEARCH_PATHS = (
					"$(inherited)",
					"@executable_path/Frameworks",
					"@loader_path/Frameworks",
				);
				PRODUCT_BUNDLE_IDENTIFIER = GFG.AceAIUITests;
				PRODUCT_NAME = "$(TARGET_NAME)";
				SWIFT_VERSION = 5.0;
				TARGETED_DEVICE_FAMILY = "1,2";
				TEST_TARGET_NAME = AceAI;
			};
			name = Release;
		};
/* End XCBuildConfiguration section */

/* Begin XCConfigurationList section */
		DA68CCB423633AA3004D114B /* Build configuration list for PBXProject "AceAI" */ = {
			isa = XCConfigurationList;
			buildConfigurations = (
				DA68CCE123633AA6004D114B /* Debug */,
				DA68CCE223633AA6004D114B /* Release */,
			);
			defaultConfigurationIsVisible = 0;
			defaultConfigurationName = Release;
		};
		DA68CCE323633AA6004D114B /* Build configuration list for PBXNativeTarget "AceAI" */ = {
			isa = XCConfigurationList;
			buildConfigurations = (
				DA68CCE423633AA6004D114B /* Debug */,
				DA68CCE523633AA6004D114B /* Release */,
			);
			defaultConfigurationIsVisible = 0;
			defaultConfigurationName = Release;
		};
		DA68CCE623633AA6004D114B /* Build configuration list for PBXNativeTarget "AceAITests" */ = {
			isa = XCConfigurationList;
			buildConfigurations = (
				DA68CCE723633AA6004D114B /* Debug */,
				DA68CCE823633AA6004D114B /* Release */,
			);
			defaultConfigurationIsVisible = 0;
			defaultConfigurationName = Release;
		};
		DA68CCE923633AA6004D114B /* Build configuration list for PBXNativeTarget "AceAIUITests" */ = {
			isa = XCConfigurationList;
			buildConfigurations = (
				DA68CCEA23633AA6004D114B /* Debug */,
				DA68CCEB23633AA6004D114B /* Release */,
			);
			defaultConfigurationIsVisible = 0;
			defaultConfigurationName = Release;
		};
/* End XCConfigurationList section */
	};
	rootObject = DA68CCB123633AA3004D114B /* Project object */;
}
